
Microsoft Visual Studio Solution File, Format Version 12.00
# Visual Studio 15
VisualStudioVersion = 15.0.28307.1585
MinimumVisualStudioVersion = 10.0.40219.1
Project("{FAE04EC0-301F-11D3-BF4B-00C04F79EFBC}") = "DH2-G3", "DH2-G3\DH2-G3.csproj", "{68EDA7C8-1665-4E5D-8B54-42FABB766013}"
EndProject
Global
	GlobalSection(SolutionConfigurationPlatforms) = preSolution
		Debug|Any CPU = Debug|Any CPU
		Release|Any CPU = Release|Any CPU
	EndGlobalSection
	GlobalSection(ProjectConfigurationPlatforms) = postSolution
		{68EDA7C8-1665-4E5D-8B54-42FABB766013}.Debug|Any CPU.ActiveCfg = Debug|Any CPU
		{68EDA7C8-1665-4E5D-8B54-42FABB766013}.Debug|Any CPU.Build.0 = Debug|Any CPU
		{68EDA7C8-1665-4E5D-8B54-42FABB766013}.Release|Any CPU.ActiveCfg = Release|Any CPU
		{68EDA7C8-1665-4E5D-8B54-42FABB766013}.Release|Any CPU.Build.0 = Release|Any CPU
	EndGlobalSection
	GlobalSection(SolutionProperties) = preSolution
		HideSolutionNode = FALSE
	EndGlobalSection
	GlobalSection(ExtensibilityGlobals) = postSolution
		SolutionGuid = {0906775F-CB4A-469E-8172-E86B801F37AF}
	EndGlobalSection
EndGlobal
